// !$*UTF8*$!
{
	archiveVersion = 1;
	classes = {
	};
	objectVersion = 50;
	objects = {

/* Begin PBXBuildFile section */
		8C170F2825F04BEF008AE0CB /* AppetizerApp.swift in Sources */ = {isa = PBXBuildFile; fileRef = 8C170F2725F04BEF008AE0CB /* AppetizerApp.swift */; };
		8C170F2A25F04BEF008AE0CB /* AppetizerTabView.swift in Sources */ = {isa = PBXBuildFile; fileRef = 8C170F2925F04BEF008AE0CB /* AppetizerTabView.swift */; };
		8C170F2C25F04BF1008AE0CB /* Assets.xcassets in Resources */ = {isa = PBXBuildFile; fileRef = 8C170F2B25F04BF1008AE0CB /* Assets.xcassets */; };
		8C170F2F25F04BF1008AE0CB /* Preview Assets.xcassets in Resources */ = {isa = PBXBuildFile; fileRef = 8C170F2E25F04BF1008AE0CB /* Preview Assets.xcassets */; };
		8C170F3A25F04D7D008AE0CB /* AppetizerList.swift in Sources */ = {isa = PBXBuildFile; fileRef = 8C170F3925F04D7D008AE0CB /* AppetizerList.swift */; };
		8C170F3D25F04D8F008AE0CB /* OrderView.swift in Sources */ = {isa = PBXBuildFile; fileRef = 8C170F3C25F04D8F008AE0CB /* OrderView.swift */; };
		8C170F4025F04D9C008AE0CB /* AccountView.swift in Sources */ = {isa = PBXBuildFile; fileRef = 8C170F3F25F04D9C008AE0CB /* AccountView.swift */; };
		8C28EF9225F0710C0060E986 /* Appetizer.swift in Sources */ = {isa = PBXBuildFile; fileRef = 8C28EF9125F0710C0060E986 /* Appetizer.swift */; };
		8C905C3E25F0787F009B7A39 /* AppetizerListCell.swift in Sources */ = {isa = PBXBuildFile; fileRef = 8C905C3D25F0787F009B7A39 /* AppetizerListCell.swift */; };
		8C905C4125F07B53009B7A39 /* NetworkManager.swift in Sources */ = {isa = PBXBuildFile; fileRef = 8C905C4025F07B53009B7A39 /* NetworkManager.swift */; };
		8C905C4425F07C37009B7A39 /* APPError.swift in Sources */ = {isa = PBXBuildFile; fileRef = 8C905C4325F07C37009B7A39 /* APPError.swift */; };
/* End PBXBuildFile section */

/* Begin PBXFileReference section */
		8C170F2425F04BEF008AE0CB /* Food.app */ = {isa = PBXFileReference; explicitFileType = wrapper.application; includeInIndex = 0; path = Food.app; sourceTree = BUILT_PRODUCTS_DIR; };
		8C170F2725F04BEF008AE0CB /* AppetizerApp.swift */ = {isa = PBXFileReference; lastKnownFileType = sourcecode.swift; path = AppetizerApp.swift; sourceTree = "<group>"; };
		8C170F2925F04BEF008AE0CB /* AppetizerTabView.swift */ = {isa = PBXFileReference; lastKnownFileType = sourcecode.swift; path = AppetizerTabView.swift; sourceTree = "<group>"; };
		8C170F2B25F04BF1008AE0CB /* Assets.xcassets */ = {isa = PBXFileReference; lastKnownFileType = folder.assetcatalog; path = Assets.xcassets; sourceTree = "<group>"; };
		8C170F2E25F04BF1008AE0CB /* Preview Assets.xcassets */ = {isa = PBXFileReference; lastKnownFileType = folder.assetcatalog; path = "Preview Assets.xcassets"; sourceTree = "<group>"; };
		8C170F3025F04BF1008AE0CB /* Info.plist */ = {isa = PBXFileReference; lastKnownFileType = text.plist.xml; path = Info.plist; sourceTree = "<group>"; };
		8C170F3925F04D7D008AE0CB /* AppetizerList.swift */ = {isa = PBXFileReference; lastKnownFileType = sourcecode.swift; path = AppetizerList.swift; sourceTree = "<group>"; };
		8C170F3C25F04D8F008AE0CB /* OrderView.swift */ = {isa = PBXFileReference; lastKnownFileType = sourcecode.swift; path = OrderView.swift; sourceTree = "<group>"; };
		8C170F3F25F04D9C008AE0CB /* AccountView.swift */ = {isa = PBXFileReference; lastKnownFileType = sourcecode.swift; path = AccountView.swift; sourceTree = "<group>"; };
		8C28EF9125F0710C0060E986 /* Appetizer.swift */ = {isa = PBXFileReference; lastKnownFileType = sourcecode.swift; path = Appetizer.swift; sourceTree = "<group>"; };
		8C905C3D25F0787F009B7A39 /* AppetizerListCell.swift */ = {isa = PBXFileReference; lastKnownFileType = sourcecode.swift; path = AppetizerListCell.swift; sourceTree = "<group>"; };
		8C905C4025F07B53009B7A39 /* NetworkManager.swift */ = {isa = PBXFileReference; lastKnownFileType = sourcecode.swift; path = NetworkManager.swift; sourceTree = "<group>"; };
		8C905C4325F07C37009B7A39 /* APPError.swift */ = {isa = PBXFileReference; lastKnownFileType = sourcecode.swift; path = APPError.swift; sourceTree = "<group>"; };
/* End PBXFileReference section */

/* Begin PBXFrameworksBuildPhase section */
		8C170F2125F04BEF008AE0CB /* Frameworks */ = {
			isa = PBXFrameworksBuildPhase;
			buildActionMask = 2147483647;
			files = (
			);
			runOnlyForDeploymentPostprocessing = 0;
		};
/* End PBXFrameworksBuildPhase section */

/* Begin PBXGroup section */
		8C170F1B25F04BEF008AE0CB = {
			isa = PBXGroup;
			children = (
				8C170F2625F04BEF008AE0CB /* Food */,
				8C170F2525F04BEF008AE0CB /* Products */,
			);
			sourceTree = "<group>";
		};
		8C170F2525F04BEF008AE0CB /* Products */ = {
			isa = PBXGroup;
			children = (
				8C170F2425F04BEF008AE0CB /* Food.app */,
			);
			name = Products;
			sourceTree = "<group>";
		};
		8C170F2625F04BEF008AE0CB /* Food */ = {
			isa = PBXGroup;
			children = (
				8C170F2725F04BEF008AE0CB /* AppetizerApp.swift */,
				8C170F2925F04BEF008AE0CB /* AppetizerTabView.swift */,
				8C170F2B25F04BF1008AE0CB /* Assets.xcassets */,
				8C170F3025F04BF1008AE0CB /* Info.plist */,
				8C170F2D25F04BF1008AE0CB /* Preview Content */,
				8C170F3925F04D7D008AE0CB /* AppetizerList.swift */,
				8C170F3C25F04D8F008AE0CB /* OrderView.swift */,
				8C170F3F25F04D9C008AE0CB /* AccountView.swift */,
				8C28EF9125F0710C0060E986 /* Appetizer.swift */,
				8C905C3D25F0787F009B7A39 /* AppetizerListCell.swift */,
				8C905C4025F07B53009B7A39 /* NetworkManager.swift */,
				8C905C4325F07C37009B7A39 /* APPError.swift */,
			);
			path = Food;
			sourceTree = "<group>";
		};
		8C170F2D25F04BF1008AE0CB /* Preview Content */ = {
			isa = PBXGroup;
			children = (
				8C170F2E25F04BF1008AE0CB /* Preview Assets.xcassets */,
			);
			path = "Preview Content";
			sourceTree = "<group>";
		};
/* End PBXGroup section */

/* Begin PBXNativeTarget section */
		8C170F2325F04BEF008AE0CB /* Food */ = {
			isa = PBXNativeTarget;
			buildConfigurationList = 8C170F3325F04BF1008AE0CB /* Build configuration list for PBXNativeTarget "Food" */;
			buildPhases = (
				8C170F2025F04BEF008AE0CB /* Sources */,
				8C170F2125F04BEF008AE0CB /* Frameworks */,
				8C170F2225F04BEF008AE0CB /* Resources */,
			);
			buildRules = (
			);
			dependencies = (
			);
			name = Food;
			productName = Food;
			productReference = 8C170F2425F04BEF008AE0CB /* Food.app */;
			productType = "com.apple.product-type.application";
		};
/* End PBXNativeTarget section */

/* Begin PBXProject section */
		8C170F1C25F04BEF008AE0CB /* Project object */ = {
			isa = PBXProject;
			attributes = {
				LastSwiftUpdateCheck = 1230;
				LastUpgradeCheck = 1230;
				TargetAttributes = {
					8C170F2325F04BEF008AE0CB = {
						CreatedOnToolsVersion = 12.3;
					};
				};
			};
			buildConfigurationList = 8C170F1F25F04BEF008AE0CB /* Build configuration list for PBXProject "Food" */;
			compatibilityVersion = "Xcode 9.3";
			developmentRegion = en;
			hasScannedForEncodings = 0;
			knownRegions = (
				en,
				Base,
			);
			mainGroup = 8C170F1B25F04BEF008AE0CB;
			productRefGroup = 8C170F2525F04BEF008AE0CB /* Products */;
			projectDirPath = "";
			projectRoot = "";
			targets = (
				8C170F2325F04BEF008AE0CB /* Food */,
			);
		};
/* End PBXProject section */

/* Begin PBXResourcesBuildPhase section */
		8C170F2225F04BEF008AE0CB /* Resources */ = {
			isa = PBXResourcesBuildPhase;
			buildActionMask = 2147483647;
			files = (
				8C170F2F25F04BF1008AE0CB /* Preview Assets.xcassets in Resources */,
				8C170F2C25F04BF1008AE0CB /* Assets.xcassets in Resources */,
			);
			runOnlyForDeploymentPostprocessing = 0;
		};
/* End PBXResourcesBuildPhase section */

/* Begin PBXSourcesBuildPhase section */
		8C170F2025F04BEF008AE0CB /* Sources */ = {
			isa = PBXSourcesBuildPhase;
			buildActionMask = 2147483647;
			files = (
				8C170F3A25F04D7D008AE0CB /* AppetizerList.swift in Sources */,
				8C905C3E25F0787F009B7A39 /* AppetizerListCell.swift in Sources */,
				8C170F3D25F04D8F008AE0CB /* OrderView.swift in Sources */,
				8C905C4425F07C37009B7A39 /* APPError.swift in Sources */,
				8C170F2A25F04BEF008AE0CB /* AppetizerTabView.swift in Sources */,
				8C905C4125F07B53009B7A39 /* NetworkManager.swift in Sources */,
				8C170F2825F04BEF008AE0CB /* AppetizerApp.swift in Sources */,
				8C170F4025F04D9C008AE0CB /* AccountView.swift in Sources */,
				8C28EF9225F0710C0060E986 /* Appetizer.swift in Sources */,
			);
			runOnlyForDeploymentPostprocessing = 0;
		};
/* End PBXSourcesBuildPhase section */

/* Begin XCBuildConfiguration section */
		8C170F3125F04BF1008AE0CB /* Debug */ = {
			isa = XCBuildConfiguration;
			buildSettings = {
				ALWAYS_SEARCH_USER_PATHS = NO;
				CLANG_ANALYZER_NONNULL = YES;
				CLANG_ANALYZER_NUMBER_OBJECT_CONVERSION = YES_AGGRESSIVE;
				CLANG_CXX_LANGUAGE_STANDARD = "gnu++14";
				CLANG_CXX_LIBRARY = "libc++";
				CLANG_ENABLE_MODULES = YES;
				CLANG_ENABLE_OBJC_ARC = YES;
				CLANG_ENABLE_OBJC_WEAK = YES;
				CLANG_WARN_BLOCK_CAPTURE_AUTORELEASING = YES;
				CLANG_WARN_BOOL_CONVERSION = YES;
				CLANG_WARN_COMMA = YES;
				CLANG_WARN_CONSTANT_CONVERSION = YES;
				CLANG_WARN_DEPRECATED_OBJC_IMPLEMENTATIONS = YES;
				CLANG_WARN_DIRECT_OBJC_ISA_USAGE = YES_ERROR;
				CLANG_WARN_DOCUMENTATION_COMMENTS = YES;
				CLANG_WARN_EMPTY_BODY = YES;
				CLANG_WARN_ENUM_CONVERSION = YES;
				CLANG_WARN_INFINITE_RECURSION = YES;
				CLANG_WARN_INT_CONVERSION = YES;
				CLANG_WARN_NON_LITERAL_NULL_CONVERSION = YES;
				CLANG_WARN_OBJC_IMPLICIT_RETAIN_SELF = YES;
				CLANG_WARN_OBJC_LITERAL_CONVERSION = YES;
				CLANG_WARN_OBJC_ROOT_CLASS = YES_ERROR;
				CLANG_WARN_QUOTED_INCLUDE_IN_FRAMEWORK_HEADER = YES;
				CLANG_WARN_RANGE_LOOP_ANALYSIS = YES;
				CLANG_WARN_STRICT_PROTOTYPES = YES;
				CLANG_WARN_SUSPICIOUS_MOVE = YES;
				CLANG_WARN_UNGUARDED_AVAILABILITY = YES_AGGRESSIVE;
				CLANG_WARN_UNREACHABLE_CODE = YES;
				CLANG_WARN__DUPLICATE_METHOD_MATCH = YES;
				COPY_PHASE_STRIP = NO;
				DEBUG_INFORMATION_FORMAT = dwarf;
				ENABLE_STRICT_OBJC_MSGSEND = YES;
				ENABLE_TESTABILITY = YES;
				GCC_C_LANGUAGE_STANDARD = gnu11;
				GCC_DYNAMIC_NO_PIC = NO;
				GCC_NO_COMMON_BLOCKS = YES;
				GCC_OPTIMIZATION_LEVEL = 0;
				GCC_PREPROCESSOR_DEFINITIONS = (
					"DEBUG=1",
					"$(inherited)",
				);
				GCC_WARN_64_TO_32_BIT_CONVERSION = YES;
				GCC_WARN_ABOUT_RETURN_TYPE = YES_ERROR;
				GCC_WARN_UNDECLARED_SELECTOR = YES;
				GCC_WARN_UNINITIALIZED_AUTOS = YES_AGGRESSIVE;
				GCC_WARN_UNUSED_FUNCTION = YES;
				GCC_WARN_UNUSED_VARIABLE = YES;
				IPHONEOS_DEPLOYMENT_TARGET = 14.3;
				MTL_ENABLE_DEBUG_INFO = INCLUDE_SOURCE;
				MTL_FAST_MATH = YES;
				ONLY_ACTIVE_ARCH = YES;
				SDKROOT = iphoneos;
				SWIFT_ACTIVE_COMPILATION_CONDITIONS = DEBUG;
				SWIFT_OPTIMIZATION_LEVEL = "-Onone";
			};
			name = Debug;
		};
		8C170F3225F04BF1008AE0CB /* Release */ = {
			isa = XCBuildConfiguration;
			buildSettings = {
				ALWAYS_SEARCH_USER_PATHS = NO;
				CLANG_ANALYZER_NONNULL = YES;
				CLANG_ANALYZER_NUMBER_OBJECT_CONVERSION = YES_AGGRESSIVE;
				CLANG_CXX_LANGUAGE_STANDARD = "gnu++14";
				CLANG_CXX_LIBRARY = "libc++";
				CLANG_ENABLE_MODULES = YES;
				CLANG_ENABLE_OBJC_ARC = YES;
				CLANG_ENABLE_OBJC_WEAK = YES;
				CLANG_WARN_BLOCK_CAPTURE_AUTORELEASING = YES;
				CLANG_WARN_BOOL_CONVERSION = YES;
				CLANG_WARN_COMMA = YES;
				CLANG_WARN_CONSTANT_CONVERSION = YES;
				CLANG_WARN_DEPRECATED_OBJC_IMPLEMENTATIONS = YES;
				CLANG_WARN_DIRECT_OBJC_ISA_USAGE = YES_ERROR;
				CLANG_WARN_DOCUMENTATION_COMMENTS = YES;
				CLANG_WARN_EMPTY_BODY = YES;
				CLANG_WARN_ENUM_CONVERSION = YES;
				CLANG_WARN_INFINITE_RECURSION = YES;
				CLANG_WARN_INT_CONVERSION = YES;
				CLANG_WARN_NON_LITERAL_NULL_CONVERSION = YES;
				CLANG_WARN_OBJC_IMPLICIT_RETAIN_SELF = YES;
				CLANG_WARN_OBJC_LITERAL_CONVERSION = YES;
				CLANG_WARN_OBJC_ROOT_CLASS = YES_ERROR;
				CLANG_WARN_QUOTED_INCLUDE_IN_FRAMEWORK_HEADER = YES;
				CLANG_WARN_RANGE_LOOP_ANALYSIS = YES;
				CLANG_WARN_STRICT_PROTOTYPES = YES;
				CLANG_WARN_SUSPICIOUS_MOVE = YES;
				CLANG_WARN_UNGUARDED_AVAILABILITY = YES_AGGRESSIVE;
				CLANG_WARN_UNREACHABLE_CODE = YES;
				CLANG_WARN__DUPLICATE_METHOD_MATCH = YES;
				COPY_PHASE_STRIP = NO;
				DEBUG_INFORMATION_FORMAT = "dwarf-with-dsym";
				ENABLE_NS_ASSERTIONS = NO;
				ENABLE_STRICT_OBJC_MSGSEND = YES;
				GCC_C_LANGUAGE_STANDARD = gnu11;
				GCC_NO_COMMON_BLOCKS = YES;
				GCC_WARN_64_TO_32_BIT_CONVERSION = YES;
				GCC_WARN_ABOUT_RETURN_TYPE = YES_ERROR;
				GCC_WARN_UNDECLARED_SELECTOR = YES;
				GCC_WARN_UNINITIALIZED_AUTOS = YES_AGGRESSIVE;
				GCC_WARN_UNUSED_FUNCTION = YES;
				GCC_WARN_UNUSED_VARIABLE = YES;
				IPHONEOS_DEPLOYMENT_TARGET = 14.3;
				MTL_ENABLE_DEBUG_INFO = NO;
				MTL_FAST_MATH = YES;
				SDKROOT = iphoneos;
				SWIFT_COMPILATION_MODE = wholemodule;
				SWIFT_OPTIMIZATION_LEVEL = "-O";
				VALIDATE_PRODUCT = YES;
			};
			name = Release;
		};
		8C170F3425F04BF1008AE0CB /* Debug */ = {
			isa = XCBuildConfiguration;
			buildSettings = {
				ASSETCATALOG_COMPILER_APPICON_NAME = AppIcon;
				ASSETCATALOG_COMPILER_GLOBAL_ACCENT_COLOR_NAME = AccentColor;
				CODE_SIGN_STYLE = Automatic;
				DEVELOPMENT_ASSET_PATHS = "\"Food/Preview Content\"";
				DEVELOPMENT_TEAM = 2ZGQ96DXRR;
				ENABLE_PREVIEWS = YES;
				INFOPLIST_FILE = Food/Info.plist;
				IPHONEOS_DEPLOYMENT_TARGET = 14.0;
				LD_RUNPATH_SEARCH_PATHS = (
					"$(inherited)",
					"@executable_path/Frameworks",
				);
				PRODUCT_BUNDLE_IDENTIFIER = com.lazaroambrosio.Food;
				PRODUCT_NAME = "$(TARGET_NAME)";
				SWIFT_VERSION = 5.0;
				TARGETED_DEVICE_FAMILY = "1,2";
			};
			name = Debug;
		};
		8C170F3525F04BF1008AE0CB /* Release */ = {
			isa = XCBuildConfiguration;
			buildSettings = {
				ASSETCATALOG_COMPILER_APPICON_NAME = AppIcon;
				ASSETCATALOG_COMPILER_GLOBAL_ACCENT_COLOR_NAME = AccentColor;
				CODE_SIGN_STYLE = Automatic;
				DEVELOPMENT_ASSET_PATHS = "\"Food/Preview Content\"";
				DEVELOPMENT_TEAM = 2ZGQ96DXRR;
				ENABLE_PREVIEWS = YES;
				INFOPLIST_FILE = Food/Info.plist;
				IPHONEOS_DEPLOYMENT_TARGET = 14.0;
				LD_RUNPATH_SEARCH_PATHS = (
					"$(inherited)",
					"@executable_path/Frameworks",
				);
				PRODUCT_BUNDLE_IDENTIFIER = com.lazaroambrosio.Food;
				PRODUCT_NAME = "$(TARGET_NAME)";
				SWIFT_VERSION = 5.0;
				TARGETED_DEVICE_FAMILY = "1,2";
			};
			name = Release;
		};
/* End XCBuildConfiguration section */

/* Begin XCConfigurationList section */
		8C170F1F25F04BEF008AE0CB /* Build configuration list for PBXProject "Food" */ = {
			isa = XCConfigurationList;
			buildConfigurations = (
				8C170F3125F04BF1008AE0CB /* Debug */,
				8C170F3225F04BF1008AE0CB /* Release */,
			);
			defaultConfigurationIsVisible = 0;
			defaultConfigurationName = Release;
		};
		8C170F3325F04BF1008AE0CB /* Build configuration list for PBXNativeTarget "Food" */ = {
			isa = XCConfigurationList;
			buildConfigurations = (
				8C170F3425F04BF1008AE0CB /* Debug */,
				8C170F3525F04BF1008AE0CB /* Release */,
			);
			defaultConfigurationIsVisible = 0;
			defaultConfigurationName = Release;
		};
/* End XCConfigurationList section */
	};
	rootObject = 8C170F1C25F04BEF008AE0CB /* Project object */;
}
